<?xml version="1.0" encoding="utf-8"?>
<Project ToolsVersion="4.0" xmlns="http://schemas.microsoft.com/developer/msbuild/2003">
  <ItemGroup>
    <Filter Include="Source Files">
      <UniqueIdentifier>{4FC737F1-C7A5-4376-A066-2A32D752A2FF}</UniqueIdentifier>
      <Extensions>cpp;c;cc;cxx;def;odl;idl;hpj;bat;asm;asmx</Extensions>
    </Filter>
    <Filter Include="Header Files">
      <UniqueIdentifier>{93995380-89BD-4b04-88EB-625FBE52EBFB}</UniqueIdentifier>
      <Extensions>h;hh;hpp;hxx;hm;inl;inc;xsd</Extensions>
    </Filter>
    <Filter Include="Resource Files">
      <UniqueIdentifier>{67DA6AB6-F800-4c08-8B7A-83BB121AAD01}</UniqueIdentifier>
      <Extensions>rc;ico;cur;bmp;dlg;rc2;rct;bin;rgs;gif;jpg;jpeg;jpe;resx;tiff;tif;png;wav;mfcribbon-ms</Extensions>
    </Filter>
    <Filter Include="Header Files\common">
      <UniqueIdentifier>{78cb6bcf-2aeb-4389-b736-0851d9592b41}</UniqueIdentifier>
    </Filter>
    <Filter Include="Header Files\exceptions">
      <UniqueIdentifier>{950c0c71-4793-4aa3-a76a-bab6d942afcb}</UniqueIdentifier>
    </Filter>
    <Filter Include="Header Files\includes">
      <UniqueIdentifier>{19c05301-64e5-48ed-9c8a-91f22faeca03}</UniqueIdentifier>
    </Filter>
    <Filter Include="Source Files\common">
      <UniqueIdentifier>{62597812-7b39-404b-b4c9-6d29ca831dc7}</UniqueIdentifier>
    </Filter>
    <Filter Include="Header Files\preprocessor">
      <UniqueIdentifier>{c0a3670a-e71f-495f-9a60-47175f0ac481}</UniqueIdentifier>
    </Filter>
    <Filter Include="Source Files\preprocessor">
      <UniqueIdentifier>{e622b602-8d6c-41ac-8897-a9f8aee7b001}</UniqueIdentifier>
    </Filter>
    <Filter Include="Header Files\context">
      <UniqueIdentifier>{4f5def76-f0a8-4728-95e9-600d56c3ac1f}</UniqueIdentifier>
    </Filter>
    <Filter Include="Source Files\context">
      <UniqueIdentifier>{c21c063e-e633-4b99-aada-2177f6078ab4}</UniqueIdentifier>
    </Filter>
    <Filter Include="Header Files\ast">
      <UniqueIdentifier>{51afd190-2492-4fa1-9444-a2e943f79227}</UniqueIdentifier>
    </Filter>
    <Filter Include="Header Files\interpret">
      <UniqueIdentifier>{50ad5659-f249-4f50-8e4b-1c320c784365}</UniqueIdentifier>
    </Filter>
    <Filter Include="Source Files\interpret">
      <UniqueIdentifier>{5324baba-ac03-4b46-afb6-544f26e072c5}</UniqueIdentifier>
    </Filter>
    <Filter Include="Source Files\tool">
      <UniqueIdentifier>{84ec8c43-e333-42c2-b2a7-1c8bc1b0c293}</UniqueIdentifier>
    </Filter>
    <Filter Include="Header Files\tool">
      <UniqueIdentifier>{4347b0ab-2178-4fae-a504-0e8648ca42e9}</UniqueIdentifier>
    </Filter>
    <Filter Include="Header Files\parser">
      <UniqueIdentifier>{04881502-3139-45a6-b9a6-bc796206ab06}</UniqueIdentifier>
    </Filter>
    <Filter Include="Source Files\parser">
      <UniqueIdentifier>{f5c02480-d3fb-4c5d-8109-b1b8f413c9a0}</UniqueIdentifier>
    </Filter>
  </ItemGroup>
  <ItemGroup>
    <ClInclude Include="common\Position.h">
      <Filter>Header Files\common</Filter>
    </ClInclude>
    <ClInclude Include="exception\EndOfFile.h">
      <Filter>Header Files\exceptions</Filter>
    </ClInclude>
    <ClInclude Include="exception\Exception.h">
      <Filter>Header Files\exceptions</Filter>
    </ClInclude>
    <ClInclude Include="exception\InternalError.h">
      <Filter>Header Files\exceptions</Filter>
    </ClInclude>
    <ClInclude Include="exception\InvalidFile.h">
      <Filter>Header Files\exceptions</Filter>
    </ClInclude>
    <ClInclude Include="exception\InvalidCharacter.h">
      <Filter>Header Files\exceptions</Filter>
    </ClInclude>
    <ClInclude Include="exception\InvalidToken.h">
      <Filter>Header Files\exceptions</Filter>
    </ClInclude>
    <ClInclude Include="exception\Unicode.h">
      <Filter>Header Files\exceptions</Filter>
    </ClInclude>
    <ClInclude Include="exception\UnsupportedFeature.h">
      <Filter>Header Files\exceptions</Filter>
    </ClInclude>
    <ClInclude Include="includes\exceptions.h">
      <Filter>Header Files\includes</Filter>
    </ClInclude>
    <ClInclude Include="common\Unicode.h">
      <Filter>Header Files\common</Filter>
    </ClInclude>
    <ClInclude Include="common\Token.h">
      <Filter>Header Files\common</Filter>
    </ClInclude>
    <ClInclude Include="preprocessor\Preprocessor.h">
      <Filter>Header Files\preprocessor</Filter>
    </ClInclude>
    <ClInclude Include="preprocessor\Tokenizer.h">
      <Filter>Header Files\preprocessor</Filter>
    </ClInclude>
    <ClInclude Include="common\SymbolTable.h">
      <Filter>Header Files\common</Filter>
    </ClInclude>
    <ClInclude Include="exception\DuplicateSymbol.h">
      <Filter>Header Files\exceptions</Filter>
    </ClInclude>
    <ClInclude Include="common\Symbol.h">
      <Filter>Header Files\common</Filter>
    </ClInclude>
    <ClInclude Include="common\CharClass.h">
      <Filter>Header Files\common</Filter>
    </ClInclude>
    <ClInclude Include="common\Utils.h">
      <Filter>Header Files\common</Filter>
    </ClInclude>
    <ClInclude Include="exception\InvalidCharacterConstant.h">
      <Filter>Header Files\exceptions</Filter>
    </ClInclude>
    <ClInclude Include="preprocessor\Symbol.h">
      <Filter>Header Files\preprocessor</Filter>
    </ClInclude>
    <ClInclude Include="preprocessor\Parametrizer.h">
      <Filter>Header Files\preprocessor</Filter>
    </ClInclude>
    <ClInclude Include="preprocessor\ShadowChunker.h">
      <Filter>Header Files\preprocessor</Filter>
    </ClInclude>
    <ClInclude Include="common\TokenStore.h">
      <Filter>Header Files\common</Filter>
    </ClInclude>
    <ClInclude Include="preprocessor\Output.h">
      <Filter>Header Files\preprocessor</Filter>
    </ClInclude>
    <ClInclude Include="context\Position.h">
      <Filter>Header Files\context</Filter>
    </ClInclude>
    <ClInclude Include="context\File.h">
      <Filter>Header Files\context</Filter>
    </ClInclude>
    <ClInclude Include="common\Operator.h">
      <Filter>Header Files\common</Filter>
    </ClInclude>
    <ClInclude Include="preprocessor\NumberParser.h">
      <Filter>Header Files\preprocessor</Filter>
    </ClInclude>
    <ClInclude Include="preprocessor\OperatorParser.h">
      <Filter>Header Files\preprocessor</Filter>
    </ClInclude>
    <ClInclude Include="preprocessor\InputBuffer.h">
      <Filter>Header Files\preprocessor</Filter>
    </ClInclude>
    <ClInclude Include="preprocessor\Worker.h">
      <Filter>Header Files\preprocessor</Filter>
    </ClInclude>
    <ClInclude Include="what.h" />
    <ClInclude Include="preprocessor\Global.h">
      <Filter>Header Files\preprocessor</Filter>
    </ClInclude>
    <ClInclude Include="preprocessor\Expression.h">
      <Filter>Header Files\preprocessor</Filter>
    </ClInclude>
    <ClInclude Include="common\SmartIterator.h">
      <Filter>Header Files\common</Filter>
    </ClInclude>
    <ClInclude Include="preprocessor\Replacer.h">
      <Filter>Header Files\preprocessor</Filter>
    </ClInclude>
    <ClInclude Include="ast\Type.h">
      <Filter>Header Files\ast</Filter>
    </ClInclude>
    <ClInclude Include="interpret\Interpret.h">
      <Filter>Header Files\interpret</Filter>
    </ClInclude>
    <ClInclude Include="ast\AST.h">
      <Filter>Header Files\ast</Filter>
    </ClInclude>
    <ClInclude Include="ast\Expression.h">
      <Filter>Header Files\ast</Filter>
    </ClInclude>
    <ClInclude Include="ast\Traversal.h">
      <Filter>Header Files\ast</Filter>
    </ClInclude>
    <ClInclude Include="ast\Core.h">
      <Filter>Header Files\ast</Filter>
    </ClInclude>
    <ClInclude Include="ast\Statement.h">
      <Filter>Header Files\ast</Filter>
    </ClInclude>
    <ClInclude Include="ast\If.h">
      <Filter>Header Files\ast</Filter>
    </ClInclude>
    <ClInclude Include="ast\For.h">
      <Filter>Header Files\ast</Filter>
    </ClInclude>
    <ClInclude Include="ast\While.h">
      <Filter>Header Files\ast</Filter>
    </ClInclude>
    <ClInclude Include="ast\BinaryOperator.h">
      <Filter>Header Files\ast</Filter>
    </ClInclude>
    <ClInclude Include="ast\Block.h">
      <Filter>Header Files\ast</Filter>
    </ClInclude>
    <ClInclude Include="ast\Call.h">
      <Filter>Header Files\ast</Filter>
    </ClInclude>
    <ClInclude Include="ast\MemoryHolder.h">
      <Filter>Header Files\ast</Filter>
    </ClInclude>
    <ClInclude Include="ast\TernaryOperator.h">
      <Filter>Header Files\ast</Filter>
    </ClInclude>
    <ClInclude Include="ast\TypeStorage.h">
      <Filter>Header Files\ast</Filter>
    </ClInclude>
    <ClInclude Include="ast\UnaryOperator.h">
      <Filter>Header Files\ast</Filter>
    </ClInclude>
    <ClInclude Include="ast\Variable.h">
      <Filter>Header Files\ast</Filter>
    </ClInclude>
    <ClInclude Include="ast\Constant.h">
      <Filter>Header Files\ast</Filter>
    </ClInclude>
    <ClInclude Include="ast\Break.h">
      <Filter>Header Files\ast</Filter>
    </ClInclude>
    <ClInclude Include="ast\Continue.h">
      <Filter>Header Files\ast</Filter>
    </ClInclude>
    <ClInclude Include="ast\Return.h">
      <Filter>Header Files\ast</Filter>
    </ClInclude>
    <ClInclude Include="ast\DoWhile.h">
      <Filter>Header Files\ast</Filter>
    </ClInclude>
    <ClInclude Include="ast\Function.h">
      <Filter>Header Files\ast</Filter>
    </ClInclude>
    <ClInclude Include="interpret\Information.h">
      <Filter>Header Files\interpret</Filter>
    </ClInclude>
    <ClInclude Include="interpret\Variable.h">
      <Filter>Header Files\interpret</Filter>
    </ClInclude>
    <ClInclude Include="interpret\Frame.h">
      <Filter>Header Files\interpret</Filter>
    </ClInclude>
    <ClInclude Include="common\AutoCheckPointer.h">
      <Filter>Header Files\common</Filter>
    </ClInclude>
    <ClInclude Include="tool\ArgumentParser.h">
      <Filter>Header Files\tool</Filter>
    </ClInclude>
    <ClInclude Include="tool\Meta.h">
      <Filter>Header Files\tool</Filter>
    </ClInclude>
    <ClInclude Include="tool\Main.h">
      <Filter>Header Files\tool</Filter>
    </ClInclude>
    <ClInclude Include="parser\Parser.h">
      <Filter>Header Files\parser</Filter>
    </ClInclude>
    <ClInclude Include="parser\Expression.h">
      <Filter>Header Files\parser</Filter>
    </ClInclude>
    <ClInclude Include="ast\StringPlaceholder.h">
      <Filter>Header Files\ast</Filter>
    </ClInclude>
    <ClInclude Include="parser\Declaration.h">
      <Filter>Header Files\parser</Filter>
    </ClInclude>
    <ClInclude Include="parser\ExpressionEvaluator.h">
      <Filter>Header Files\parser</Filter>
    </ClInclude>
    <ClInclude Include="common\Register.h">
      <Filter>Header Files\common</Filter>
    </ClInclude>
  </ItemGroup>
  <ItemGroup>
    <ClCompile Include="common\Unicode.cpp">
      <Filter>Source Files\common</Filter>
    </ClCompile>
    <ClCompile Include="preprocessor\Preprocessor.cpp">
      <Filter>Source Files\preprocessor</Filter>
    </ClCompile>
    <ClCompile Include="preprocessor\Tokenizer.cpp">
      <Filter>Source Files\preprocessor</Filter>
    </ClCompile>
    <ClCompile Include="common\CharClass.cpp">
      <Filter>Source Files\common</Filter>
    </ClCompile>
    <ClCompile Include="exception\InvalidCharacterConstant.cpp">
      <Filter>Source Files</Filter>
    </ClCompile>
    <ClCompile Include="main-preprocessor.cpp">
      <Filter>Source Files</Filter>
    </ClCompile>
    <ClCompile Include="preprocessor\Parametrizer.cpp">
      <Filter>Source Files\preprocessor</Filter>
    </ClCompile>
    <ClCompile Include="preprocessor\Output.cpp">
      <Filter>Source Files\preprocessor</Filter>
    </ClCompile>
    <ClCompile Include="context\Context.cpp">
      <Filter>Source Files\context</Filter>
    </ClCompile>
    <ClCompile Include="preprocessor\OperatorParser.cpp">
      <Filter>Source Files\preprocessor</Filter>
    </ClCompile>
    <ClCompile Include="preprocessor\NumberParser.cpp">
      <Filter>Source Files\preprocessor</Filter>
    </ClCompile>
    <ClCompile Include="preprocessor\Worker.cpp">
      <Filter>Source Files\preprocessor</Filter>
    </ClCompile>
    <ClCompile Include="preprocessor\Expression.cpp">
      <Filter>Source Files\preprocessor</Filter>
    </ClCompile>
    <ClCompile Include="preprocessor\Replacer.cpp">
      <Filter>Source Files\preprocessor</Filter>
    </ClCompile>
    <ClCompile Include="interpret\Interpret.cpp">
      <Filter>Source Files\interpret</Filter>
    </ClCompile>
    <ClCompile Include="interpret\InterpretEvalUnary.cpp">
      <Filter>Source Files\interpret</Filter>
    </ClCompile>
    <ClCompile Include="interpret\InterpretEvalBinary.cpp">
      <Filter>Source Files\interpret</Filter>
    </ClCompile>
    <ClCompile Include="main-interpret.cpp">
      <Filter>Source Files</Filter>
    </ClCompile>
    <ClCompile Include="tool\ArgumentParser.cpp">
      <Filter>Source Files\tool</Filter>
    </ClCompile>
    <ClCompile Include="tool\Main.cpp">
      <Filter>Source Files\tool</Filter>
    </ClCompile>
    <ClCompile Include="parser\Parser.cpp">
      <Filter>Source Files\parser</Filter>
    </ClCompile>
    <ClCompile Include="parser\Expression.cpp">
      <Filter>Source Files\parser</Filter>
    </ClCompile>
    <ClCompile Include="parser\Declaration.cpp">
      <Filter>Source Files\parser</Filter>
    </ClCompile>
    <ClCompile Include="parser\ExpressionEvaluator.cpp">
      <Filter>Source Files\parser</Filter>
    </ClCompile>
    <ClCompile Include="common\Register.cpp">
      <Filter>Source Files\common</Filter>
    </ClCompile>
    <ClCompile Include="common\TokenStore.cpp">
      <Filter>Source Files\common</Filter>
    </ClCompile>
  </ItemGroup>
  <ItemGroup>
    <Text Include="Text.txt" />
  </ItemGroup>
</Project>